// !$*UTF8*$!
{
	archiveVersion = 1;
	classes = {
	};
	objectVersion = 46;
	objects = {

/* Begin PBXBuildFile section */
		20093D271C83CC93006CDB8E /* libopencv_highgui.3.1.0.dylib in Frameworks */ = {isa = PBXBuildFile; fileRef = 20093D261C83CC93006CDB8E /* libopencv_highgui.3.1.0.dylib */; };
		20093D291C83CC9B006CDB8E /* libopencv_core.3.1.0.dylib in Frameworks */ = {isa = PBXBuildFile; fileRef = 20093D281C83CC9B006CDB8E /* libopencv_core.3.1.0.dylib */; };
		20093D5C1C83CEB9006CDB8E /* libopencv_calib3d.3.1.0.dylib in Frameworks */ = {isa = PBXBuildFile; fileRef = 20093D2B1C83CEB9006CDB8E /* libopencv_calib3d.3.1.0.dylib */; };
		20093D5D1C83CEB9006CDB8E /* libopencv_calib3d.3.1.dylib in Frameworks */ = {isa = PBXBuildFile; fileRef = 20093D2C1C83CEB9006CDB8E /* libopencv_calib3d.3.1.dylib */; };
		20093D5E1C83CEB9006CDB8E /* libopencv_calib3d.dylib in Frameworks */ = {isa = PBXBuildFile; fileRef = 20093D2D1C83CEB9006CDB8E /* libopencv_calib3d.dylib */; };
		20093D5F1C83CEB9006CDB8E /* libopencv_core.3.1.dylib in Frameworks */ = {isa = PBXBuildFile; fileRef = 20093D2E1C83CEB9006CDB8E /* libopencv_core.3.1.dylib */; };
		20093D601C83CEB9006CDB8E /* libopencv_core.dylib in Frameworks */ = {isa = PBXBuildFile; fileRef = 20093D2F1C83CEB9006CDB8E /* libopencv_core.dylib */; };
		20093D611C83CEB9006CDB8E /* libopencv_features2d.3.1.0.dylib in Frameworks */ = {isa = PBXBuildFile; fileRef = 20093D301C83CEB9006CDB8E /* libopencv_features2d.3.1.0.dylib */; };
		20093D621C83CEB9006CDB8E /* libopencv_features2d.3.1.dylib in Frameworks */ = {isa = PBXBuildFile; fileRef = 20093D311C83CEB9006CDB8E /* libopencv_features2d.3.1.dylib */; };
		20093D631C83CEB9006CDB8E /* libopencv_features2d.dylib in Frameworks */ = {isa = PBXBuildFile; fileRef = 20093D321C83CEB9006CDB8E /* libopencv_features2d.dylib */; };
		20093D641C83CEB9006CDB8E /* libopencv_flann.3.1.0.dylib in Frameworks */ = {isa = PBXBuildFile; fileRef = 20093D331C83CEB9006CDB8E /* libopencv_flann.3.1.0.dylib */; };
		20093D651C83CEB9006CDB8E /* libopencv_flann.3.1.dylib in Frameworks */ = {isa = PBXBuildFile; fileRef = 20093D341C83CEB9006CDB8E /* libopencv_flann.3.1.dylib */; };
		20093D661C83CEB9006CDB8E /* libopencv_flann.dylib in Frameworks */ = {isa = PBXBuildFile; fileRef = 20093D351C83CEB9006CDB8E /* libopencv_flann.dylib */; };
		20093D671C83CEB9006CDB8E /* libopencv_highgui.3.1.dylib in Frameworks */ = {isa = PBXBuildFile; fileRef = 20093D361C83CEB9006CDB8E /* libopencv_highgui.3.1.dylib */; };
		20093D681C83CEB9006CDB8E /* libopencv_highgui.dylib in Frameworks */ = {isa = PBXBuildFile; fileRef = 20093D371C83CEB9006CDB8E /* libopencv_highgui.dylib */; };
		20093D691C83CEB9006CDB8E /* libopencv_imgcodecs.3.1.0.dylib in Frameworks */ = {isa = PBXBuildFile; fileRef = 20093D381C83CEB9006CDB8E /* libopencv_imgcodecs.3.1.0.dylib */; };
		20093D6A1C83CEB9006CDB8E /* libopencv_imgcodecs.3.1.dylib in Frameworks */ = {isa = PBXBuildFile; fileRef = 20093D391C83CEB9006CDB8E /* libopencv_imgcodecs.3.1.dylib */; };
		20093D6B1C83CEB9006CDB8E /* libopencv_imgcodecs.dylib in Frameworks */ = {isa = PBXBuildFile; fileRef = 20093D3A1C83CEB9006CDB8E /* libopencv_imgcodecs.dylib */; };
		20093D6C1C83CEB9006CDB8E /* libopencv_imgproc.3.1.0.dylib in Frameworks */ = {isa = PBXBuildFile; fileRef = 20093D3B1C83CEB9006CDB8E /* libopencv_imgproc.3.1.0.dylib */; };
		20093D6D1C83CEB9006CDB8E /* libopencv_imgproc.3.1.dylib in Frameworks */ = {isa = PBXBuildFile; fileRef = 20093D3C1C83CEB9006CDB8E /* libopencv_imgproc.3.1.dylib */; };
		20093D6E1C83CEB9006CDB8E /* libopencv_imgproc.dylib in Frameworks */ = {isa = PBXBuildFile; fileRef = 20093D3D1C83CEB9006CDB8E /* libopencv_imgproc.dylib */; };
		20093D6F1C83CEB9006CDB8E /* libopencv_ml.3.1.0.dylib in Frameworks */ = {isa = PBXBuildFile; fileRef = 20093D3E1C83CEB9006CDB8E /* libopencv_ml.3.1.0.dylib */; };
		20093D701C83CEB9006CDB8E /* libopencv_ml.3.1.dylib in Frameworks */ = {isa = PBXBuildFile; fileRef = 20093D3F1C83CEB9006CDB8E /* libopencv_ml.3.1.dylib */; };
		20093D711C83CEB9006CDB8E /* libopencv_ml.dylib in Frameworks */ = {isa = PBXBuildFile; fileRef = 20093D401C83CEB9006CDB8E /* libopencv_ml.dylib */; };
		20093D721C83CEB9006CDB8E /* libopencv_objdetect.3.1.0.dylib in Frameworks */ = {isa = PBXBuildFile; fileRef = 20093D411C83CEB9006CDB8E /* libopencv_objdetect.3.1.0.dylib */; };
		20093D731C83CEB9006CDB8E /* libopencv_objdetect.3.1.dylib in Frameworks */ = {isa = PBXBuildFile; fileRef = 20093D421C83CEB9006CDB8E /* libopencv_objdetect.3.1.dylib */; };
		20093D741C83CEB9006CDB8E /* libopencv_objdetect.dylib in Frameworks */ = {isa = PBXBuildFile; fileRef = 20093D431C83CEB9006CDB8E /* libopencv_objdetect.dylib */; };
		20093D751C83CEB9006CDB8E /* libopencv_photo.3.1.0.dylib in Frameworks */ = {isa = PBXBuildFile; fileRef = 20093D441C83CEB9006CDB8E /* libopencv_photo.3.1.0.dylib */; };
		20093D761C83CEB9006CDB8E /* libopencv_photo.3.1.dylib in Frameworks */ = {isa = PBXBuildFile; fileRef = 20093D451C83CEB9006CDB8E /* libopencv_photo.3.1.dylib */; };
		20093D771C83CEB9006CDB8E /* libopencv_photo.dylib in Frameworks */ = {isa = PBXBuildFile; fileRef = 20093D461C83CEB9006CDB8E /* libopencv_photo.dylib */; };
		20093D781C83CEB9006CDB8E /* libopencv_shape.3.1.0.dylib in Frameworks */ = {isa = PBXBuildFile; fileRef = 20093D471C83CEB9006CDB8E /* libopencv_shape.3.1.0.dylib */; };
		20093D791C83CEB9006CDB8E /* libopencv_shape.3.1.dylib in Frameworks */ = {isa = PBXBuildFile; fileRef = 20093D481C83CEB9006CDB8E /* libopencv_shape.3.1.dylib */; };
		20093D7A1C83CEB9006CDB8E /* libopencv_shape.dylib in Frameworks */ = {isa = PBXBuildFile; fileRef = 20093D491C83CEB9006CDB8E /* libopencv_shape.dylib */; };
		20093D7B1C83CEB9006CDB8E /* libopencv_stitching.3.1.0.dylib in Frameworks */ = {isa = PBXBuildFile; fileRef = 20093D4A1C83CEB9006CDB8E /* libopencv_stitching.3.1.0.dylib */; };
		20093D7C1C83CEB9006CDB8E /* libopencv_stitching.3.1.dylib in Frameworks */ = {isa = PBXBuildFile; fileRef = 20093D4B1C83CEB9006CDB8E /* libopencv_stitching.3.1.dylib */; };
		20093D7D1C83CEB9006CDB8E /* libopencv_stitching.dylib in Frameworks */ = {isa = PBXBuildFile; fileRef = 20093D4C1C83CEB9006CDB8E /* libopencv_stitching.dylib */; };
		20093D7E1C83CEB9006CDB8E /* libopencv_superres.3.1.0.dylib in Frameworks */ = {isa = PBXBuildFile; fileRef = 20093D4D1C83CEB9006CDB8E /* libopencv_superres.3.1.0.dylib */; };
		20093D7F1C83CEB9006CDB8E /* libopencv_superres.3.1.dylib in Frameworks */ = {isa = PBXBuildFile; fileRef = 20093D4E1C83CEB9006CDB8E /* libopencv_superres.3.1.dylib */; };
		20093D801C83CEB9006CDB8E /* libopencv_superres.dylib in Frameworks */ = {isa = PBXBuildFile; fileRef = 20093D4F1C83CEB9006CDB8E /* libopencv_superres.dylib */; };
		20093D811C83CEB9006CDB8E /* libopencv_ts.a in Frameworks */ = {isa = PBXBuildFile; fileRef = 20093D501C83CEB9006CDB8E /* libopencv_ts.a */; };
		20093D821C83CEB9006CDB8E /* libopencv_video.3.1.0.dylib in Frameworks */ = {isa = PBXBuildFile; fileRef = 20093D511C83CEB9006CDB8E /* libopencv_video.3.1.0.dylib */; };
		20093D831C83CEB9006CDB8E /* libopencv_video.3.1.dylib in Frameworks */ = {isa = PBXBuildFile; fileRef = 20093D521C83CEB9006CDB8E /* libopencv_video.3.1.dylib */; };
		20093D841C83CEB9006CDB8E /* libopencv_video.dylib in Frameworks */ = {isa = PBXBuildFile; fileRef = 20093D531C83CEB9006CDB8E /* libopencv_video.dylib */; };
		20093D851C83CEB9006CDB8E /* libopencv_videoio.3.1.0.dylib in Frameworks */ = {isa = PBXBuildFile; fileRef = 20093D541C83CEB9006CDB8E /* libopencv_videoio.3.1.0.dylib */; };
		20093D861C83CEB9006CDB8E /* libopencv_videoio.3.1.dylib in Frameworks */ = {isa = PBXBuildFile; fileRef = 20093D551C83CEB9006CDB8E /* libopencv_videoio.3.1.dylib */; };
		20093D871C83CEB9006CDB8E /* libopencv_videoio.dylib in Frameworks */ = {isa = PBXBuildFile; fileRef = 20093D561C83CEB9006CDB8E /* libopencv_videoio.dylib */; };
		20093D881C83CEB9006CDB8E /* libopencv_videostab.3.1.0.dylib in Frameworks */ = {isa = PBXBuildFile; fileRef = 20093D571C83CEB9006CDB8E /* libopencv_videostab.3.1.0.dylib */; };
		20093D891C83CEB9006CDB8E /* libopencv_videostab.3.1.dylib in Frameworks */ = {isa = PBXBuildFile; fileRef = 20093D581C83CEB9006CDB8E /* libopencv_videostab.3.1.dylib */; };
		20093D8A1C83CEB9006CDB8E /* libopencv_videostab.dylib in Frameworks */ = {isa = PBXBuildFile; fileRef = 20093D591C83CEB9006CDB8E /* libopencv_videostab.dylib */; };
		20093D8B1C83CEB9006CDB8E /* pkgconfig in Frameworks */ = {isa = PBXBuildFile; fileRef = 20093D5A1C83CEB9006CDB8E /* pkgconfig */; };
		20093D8C1C83CEB9006CDB8E /* python2.7 in Frameworks */ = {isa = PBXBuildFile; fileRef = 20093D5B1C83CEB9006CDB8E /* python2.7 */; };
		20C440511C83C9AB00F8DC3E /* main.cpp in Sources */ = {isa = PBXBuildFile; fileRef = 20C440501C83C9AB00F8DC3E /* main.cpp */; };
/* End PBXBuildFile section */

/* Begin PBXCopyFilesBuildPhase section */
		20C4404B1C83C9AB00F8DC3E /* CopyFiles */ = {
			isa = PBXCopyFilesBuildPhase;
			buildActionMask = 2147483647;
			dstPath = /usr/share/man/man1/;
			dstSubfolderSpec = 0;
			files = (
			);
			runOnlyForDeploymentPostprocessing = 1;
		};
/* End PBXCopyFilesBuildPhase section */

/* Begin PBXFileReference section */
		20093D261C83CC93006CDB8E /* libopencv_highgui.3.1.0.dylib */ = {isa = PBXFileReference; lastKnownFileType = "compiled.mach-o.dylib"; name = libopencv_highgui.3.1.0.dylib; path = ../../../../../../../usr/local/Cellar/opencv3/3.1.0_1/lib/libopencv_highgui.3.1.0.dylib; sourceTree = "<group>"; };
		20093D281C83CC9B006CDB8E /* libopencv_core.3.1.0.dylib */ = {isa = PBXFileReference; lastKnownFileType = "compiled.mach-o.dylib"; name = libopencv_core.3.1.0.dylib; path = ../../../../../../../usr/local/Cellar/opencv3/3.1.0_1/lib/libopencv_core.3.1.0.dylib; sourceTree = "<group>"; };
		20093D2B1C83CEB9006CDB8E /* libopencv_calib3d.3.1.0.dylib */ = {isa = PBXFileReference; lastKnownFileType = "compiled.mach-o.dylib"; name = libopencv_calib3d.3.1.0.dylib; path = ../../../../../../../usr/local/Cellar/opencv3/3.1.0_1/lib/libopencv_calib3d.3.1.0.dylib; sourceTree = "<group>"; };
		20093D2C1C83CEB9006CDB8E /* libopencv_calib3d.3.1.dylib */ = {isa = PBXFileReference; lastKnownFileType = "compiled.mach-o.dylib"; name = libopencv_calib3d.3.1.dylib; path = ../../../../../../../usr/local/Cellar/opencv3/3.1.0_1/lib/libopencv_calib3d.3.1.dylib; sourceTree = "<group>"; };
		20093D2D1C83CEB9006CDB8E /* libopencv_calib3d.dylib */ = {isa = PBXFileReference; lastKnownFileType = "compiled.mach-o.dylib"; name = libopencv_calib3d.dylib; path = ../../../../../../../usr/local/Cellar/opencv3/3.1.0_1/lib/libopencv_calib3d.dylib; sourceTree = "<group>"; };
		20093D2E1C83CEB9006CDB8E /* libopencv_core.3.1.dylib */ = {isa = PBXFileReference; lastKnownFileType = "compiled.mach-o.dylib"; name = libopencv_core.3.1.dylib; path = ../../../../../../../usr/local/Cellar/opencv3/3.1.0_1/lib/libopencv_core.3.1.dylib; sourceTree = "<group>"; };
		20093D2F1C83CEB9006CDB8E /* libopencv_core.dylib */ = {isa = PBXFileReference; lastKnownFileType = "compiled.mach-o.dylib"; name = libopencv_core.dylib; path = ../../../../../../../usr/local/Cellar/opencv3/3.1.0_1/lib/libopencv_core.dylib; sourceTree = "<group>"; };
		20093D301C83CEB9006CDB8E /* libopencv_features2d.3.1.0.dylib */ = {isa = PBXFileReference; lastKnownFileType = "compiled.mach-o.dylib"; name = libopencv_features2d.3.1.0.dylib; path = ../../../../../../../usr/local/Cellar/opencv3/3.1.0_1/lib/libopencv_features2d.3.1.0.dylib; sourceTree = "<group>"; };
		20093D311C83CEB9006CDB8E /* libopencv_features2d.3.1.dylib */ = {isa = PBXFileReference; lastKnownFileType = "compiled.mach-o.dylib"; name = libopencv_features2d.3.1.dylib; path = ../../../../../../../usr/local/Cellar/opencv3/3.1.0_1/lib/libopencv_features2d.3.1.dylib; sourceTree = "<group>"; };
		20093D321C83CEB9006CDB8E /* libopencv_features2d.dylib */ = {isa = PBXFileReference; lastKnownFileType = "compiled.mach-o.dylib"; name = libopencv_features2d.dylib; path = ../../../../../../../usr/local/Cellar/opencv3/3.1.0_1/lib/libopencv_features2d.dylib; sourceTree = "<group>"; };
		20093D331C83CEB9006CDB8E /* libopencv_flann.3.1.0.dylib */ = {isa = PBXFileReference; lastKnownFileType = "compiled.mach-o.dylib"; name = libopencv_flann.3.1.0.dylib; path = ../../../../../../../usr/local/Cellar/opencv3/3.1.0_1/lib/libopencv_flann.3.1.0.dylib; sourceTree = "<group>"; };
		20093D341C83CEB9006CDB8E /* libopencv_flann.3.1.dylib */ = {isa = PBXFileReference; lastKnownFileType = "compiled.mach-o.dylib"; name = libopencv_flann.3.1.dylib; path = ../../../../../../../usr/local/Cellar/opencv3/3.1.0_1/lib/libopencv_flann.3.1.dylib; sourceTree = "<group>"; };
		20093D351C83CEB9006CDB8E /* libopencv_flann.dylib */ = {isa = PBXFileReference; lastKnownFileType = "compiled.mach-o.dylib"; name = libopencv_flann.dylib; path = ../../../../../../../usr/local/Cellar/opencv3/3.1.0_1/lib/libopencv_flann.dylib; sourceTree = "<group>"; };
		20093D361C83CEB9006CDB8E /* libopencv_highgui.3.1.dylib */ = {isa = PBXFileReference; lastKnownFileType = "compiled.mach-o.dylib"; name = libopencv_highgui.3.1.dylib; path = ../../../../../../../usr/local/Cellar/opencv3/3.1.0_1/lib/libopencv_highgui.3.1.dylib; sourceTree = "<group>"; };
		20093D371C83CEB9006CDB8E /* libopencv_highgui.dylib */ = {isa = PBXFileReference; lastKnownFileType = "compiled.mach-o.dylib"; name = libopencv_highgui.dylib; path = ../../../../../../../usr/local/Cellar/opencv3/3.1.0_1/lib/libopencv_highgui.dylib; sourceTree = "<group>"; };
		20093D381C83CEB9006CDB8E /* libopencv_imgcodecs.3.1.0.dylib */ = {isa = PBXFileReference; lastKnownFileType = "compiled.mach-o.dylib"; name = libopencv_imgcodecs.3.1.0.dylib; path = ../../../../../../../usr/local/Cellar/opencv3/3.1.0_1/lib/libopencv_imgcodecs.3.1.0.dylib; sourceTree = "<group>"; };
		20093D391C83CEB9006CDB8E /* libopencv_imgcodecs.3.1.dylib */ = {isa = PBXFileReference; lastKnownFileType = "compiled.mach-o.dylib"; name = libopencv_imgcodecs.3.1.dylib; path = ../../../../../../../usr/local/Cellar/opencv3/3.1.0_1/lib/libopencv_imgcodecs.3.1.dylib; sourceTree = "<group>"; };
		20093D3A1C83CEB9006CDB8E /* libopencv_imgcodecs.dylib */ = {isa = PBXFileReference; lastKnownFileType = "compiled.mach-o.dylib"; name = libopencv_imgcodecs.dylib; path = ../../../../../../../usr/local/Cellar/opencv3/3.1.0_1/lib/libopencv_imgcodecs.dylib; sourceTree = "<group>"; };
		20093D3B1C83CEB9006CDB8E /* libopencv_imgproc.3.1.0.dylib */ = {isa = PBXFileReference; lastKnownFileType = "compiled.mach-o.dylib"; name = libopencv_imgproc.3.1.0.dylib; path = ../../../../../../../usr/local/Cellar/opencv3/3.1.0_1/lib/libopencv_imgproc.3.1.0.dylib; sourceTree = "<group>"; };
		20093D3C1C83CEB9006CDB8E /* libopencv_imgproc.3.1.dylib */ = {isa = PBXFileReference; lastKnownFileType = "compiled.mach-o.dylib"; name = libopencv_imgproc.3.1.dylib; path = ../../../../../../../usr/local/Cellar/opencv3/3.1.0_1/lib/libopencv_imgproc.3.1.dylib; sourceTree = "<group>"; };
		20093D3D1C83CEB9006CDB8E /* libopencv_imgproc.dylib */ = {isa = PBXFileReference; lastKnownFileType = "compiled.mach-o.dylib"; name = libopencv_imgproc.dylib; path = ../../../../../../../usr/local/Cellar/opencv3/3.1.0_1/lib/libopencv_imgproc.dylib; sourceTree = "<group>"; };
		20093D3E1C83CEB9006CDB8E /* libopencv_ml.3.1.0.dylib */ = {isa = PBXFileReference; lastKnownFileType = "compiled.mach-o.dylib"; name = libopencv_ml.3.1.0.dylib; path = ../../../../../../../usr/local/Cellar/opencv3/3.1.0_1/lib/libopencv_ml.3.1.0.dylib; sourceTree = "<group>"; };
		20093D3F1C83CEB9006CDB8E /* libopencv_ml.3.1.dylib */ = {isa = PBXFileReference; lastKnownFileType = "compiled.mach-o.dylib"; name = libopencv_ml.3.1.dylib; path = ../../../../../../../usr/local/Cellar/opencv3/3.1.0_1/lib/libopencv_ml.3.1.dylib; sourceTree = "<group>"; };
		20093D401C83CEB9006CDB8E /* libopencv_ml.dylib */ = {isa = PBXFileReference; lastKnownFileType = "compiled.mach-o.dylib"; name = libopencv_ml.dylib; path = ../../../../../../../usr/local/Cellar/opencv3/3.1.0_1/lib/libopencv_ml.dylib; sourceTree = "<group>"; };
		20093D411C83CEB9006CDB8E /* libopencv_objdetect.3.1.0.dylib */ = {isa = PBXFileReference; lastKnownFileType = "compiled.mach-o.dylib"; name = libopencv_objdetect.3.1.0.dylib; path = ../../../../../../../usr/local/Cellar/opencv3/3.1.0_1/lib/libopencv_objdetect.3.1.0.dylib; sourceTree = "<group>"; };
		20093D421C83CEB9006CDB8E /* libopencv_objdetect.3.1.dylib */ = {isa = PBXFileReference; lastKnownFileType = "compiled.mach-o.dylib"; name = libopencv_objdetect.3.1.dylib; path = ../../../../../../../usr/local/Cellar/opencv3/3.1.0_1/lib/libopencv_objdetect.3.1.dylib; sourceTree = "<group>"; };
		20093D431C83CEB9006CDB8E /* libopencv_objdetect.dylib */ = {isa = PBXFileReference; lastKnownFileType = "compiled.mach-o.dylib"; name = libopencv_objdetect.dylib; path = ../../../../../../../usr/local/Cellar/opencv3/3.1.0_1/lib/libopencv_objdetect.dylib; sourceTree = "<group>"; };
		20093D441C83CEB9006CDB8E /* libopencv_photo.3.1.0.dylib */ = {isa = PBXFileReference; lastKnownFileType = "compiled.mach-o.dylib"; name = libopencv_photo.3.1.0.dylib; path = ../../../../../../../usr/local/Cellar/opencv3/3.1.0_1/lib/libopencv_photo.3.1.0.dylib; sourceTree = "<group>"; };
		20093D451C83CEB9006CDB8E /* libopencv_photo.3.1.dylib */ = {isa = PBXFileReference; lastKnownFileType = "compiled.mach-o.dylib"; name = libopencv_photo.3.1.dylib; path = ../../../../../../../usr/local/Cellar/opencv3/3.1.0_1/lib/libopencv_photo.3.1.dylib; sourceTree = "<group>"; };
		20093D461C83CEB9006CDB8E /* libopencv_photo.dylib */ = {isa = PBXFileReference; lastKnownFileType = "compiled.mach-o.dylib"; name = libopencv_photo.dylib; path = ../../../../../../../usr/local/Cellar/opencv3/3.1.0_1/lib/libopencv_photo.dylib; sourceTree = "<group>"; };
		20093D471C83CEB9006CDB8E /* libopencv_shape.3.1.0.dylib */ = {isa = PBXFileReference; lastKnownFileType = "compiled.mach-o.dylib"; name = libopencv_shape.3.1.0.dylib; path = ../../../../../../../usr/local/Cellar/opencv3/3.1.0_1/lib/libopencv_shape.3.1.0.dylib; sourceTree = "<group>"; };
		20093D481C83CEB9006CDB8E /* libopencv_shape.3.1.dylib */ = {isa = PBXFileReference; lastKnownFileType = "compiled.mach-o.dylib"; name = libopencv_shape.3.1.dylib; path = ../../../../../../../usr/local/Cellar/opencv3/3.1.0_1/lib/libopencv_shape.3.1.dylib; sourceTree = "<group>"; };
		20093D491C83CEB9006CDB8E /* libopencv_shape.dylib */ = {isa = PBXFileReference; lastKnownFileType = "compiled.mach-o.dylib"; name = libopencv_shape.dylib; path = ../../../../../../../usr/local/Cellar/opencv3/3.1.0_1/lib/libopencv_shape.dylib; sourceTree = "<group>"; };
		20093D4A1C83CEB9006CDB8E /* libopencv_stitching.3.1.0.dylib */ = {isa = PBXFileReference; lastKnownFileType = "compiled.mach-o.dylib"; name = libopencv_stitching.3.1.0.dylib; path = ../../../../../../../usr/local/Cellar/opencv3/3.1.0_1/lib/libopencv_stitching.3.1.0.dylib; sourceTree = "<group>"; };
		20093D4B1C83CEB9006CDB8E /* libopencv_stitching.3.1.dylib */ = {isa = PBXFileReference; lastKnownFileType = "compiled.mach-o.dylib"; name = libopencv_stitching.3.1.dylib; path = ../../../../../../../usr/local/Cellar/opencv3/3.1.0_1/lib/libopencv_stitching.3.1.dylib; sourceTree = "<group>"; };
		20093D4C1C83CEB9006CDB8E /* libopencv_stitching.dylib */ = {isa = PBXFileReference; lastKnownFileType = "compiled.mach-o.dylib"; name = libopencv_stitching.dylib; path = ../../../../../../../usr/local/Cellar/opencv3/3.1.0_1/lib/libopencv_stitching.dylib; sourceTree = "<group>"; };
		20093D4D1C83CEB9006CDB8E /* libopencv_superres.3.1.0.dylib */ = {isa = PBXFileReference; lastKnownFileType = "compiled.mach-o.dylib"; name = libopencv_superres.3.1.0.dylib; path = ../../../../../../../usr/local/Cellar/opencv3/3.1.0_1/lib/libopencv_superres.3.1.0.dylib; sourceTree = "<group>"; };
		20093D4E1C83CEB9006CDB8E /* libopencv_superres.3.1.dylib */ = {isa = PBXFileReference; lastKnownFileType = "compiled.mach-o.dylib"; name = libopencv_superres.3.1.dylib; path = ../../../../../../../usr/local/Cellar/opencv3/3.1.0_1/lib/libopencv_superres.3.1.dylib; sourceTree = "<group>"; };
		20093D4F1C83CEB9006CDB8E /* libopencv_superres.dylib */ = {isa = PBXFileReference; lastKnownFileType = "compiled.mach-o.dylib"; name = libopencv_superres.dylib; path = ../../../../../../../usr/local/Cellar/opencv3/3.1.0_1/lib/libopencv_superres.dylib; sourceTree = "<group>"; };
		20093D501C83CEB9006CDB8E /* libopencv_ts.a */ = {isa = PBXFileReference; lastKnownFileType = archive.ar; name = libopencv_ts.a; path = ../../../../../../../usr/local/Cellar/opencv3/3.1.0_1/lib/libopencv_ts.a; sourceTree = "<group>"; };
		20093D511C83CEB9006CDB8E /* libopencv_video.3.1.0.dylib */ = {isa = PBXFileReference; lastKnownFileType = "compiled.mach-o.dylib"; name = libopencv_video.3.1.0.dylib; path = ../../../../../../../usr/local/Cellar/opencv3/3.1.0_1/lib/libopencv_video.3.1.0.dylib; sourceTree = "<group>"; };
		20093D521C83CEB9006CDB8E /* libopencv_video.3.1.dylib */ = {isa = PBXFileReference; lastKnownFileType = "compiled.mach-o.dylib"; name = libopencv_video.3.1.dylib; path = ../../../../../../../usr/local/Cellar/opencv3/3.1.0_1/lib/libopencv_video.3.1.dylib; sourceTree = "<group>"; };
		20093D531C83CEB9006CDB8E /* libopencv_video.dylib */ = {isa = PBXFileReference; lastKnownFileType = "compiled.mach-o.dylib"; name = libopencv_video.dylib; path = ../../../../../../../usr/local/Cellar/opencv3/3.1.0_1/lib/libopencv_video.dylib; sourceTree = "<group>"; };
		20093D541C83CEB9006CDB8E /* libopencv_videoio.3.1.0.dylib */ = {isa = PBXFileReference; lastKnownFileType = "compiled.mach-o.dylib"; name = libopencv_videoio.3.1.0.dylib; path = ../../../../../../../usr/local/Cellar/opencv3/3.1.0_1/lib/libopencv_videoio.3.1.0.dylib; sourceTree = "<group>"; };
		20093D551C83CEB9006CDB8E /* libopencv_videoio.3.1.dylib */ = {isa = PBXFileReference; lastKnownFileType = "compiled.mach-o.dylib"; name = libopencv_videoio.3.1.dylib; path = ../../../../../../../usr/local/Cellar/opencv3/3.1.0_1/lib/libopencv_videoio.3.1.dylib; sourceTree = "<group>"; };
		20093D561C83CEB9006CDB8E /* libopencv_videoio.dylib */ = {isa = PBXFileReference; lastKnownFileType = "compiled.mach-o.dylib"; name = libopencv_videoio.dylib; path = ../../../../../../../usr/local/Cellar/opencv3/3.1.0_1/lib/libopencv_videoio.dylib; sourceTree = "<group>"; };
		20093D571C83CEB9006CDB8E /* libopencv_videostab.3.1.0.dylib */ = {isa = PBXFileReference; lastKnownFileType = "compiled.mach-o.dylib"; name = libopencv_videostab.3.1.0.dylib; path = ../../../../../../../usr/local/Cellar/opencv3/3.1.0_1/lib/libopencv_videostab.3.1.0.dylib; sourceTree = "<group>"; };
		20093D581C83CEB9006CDB8E /* libopencv_videostab.3.1.dylib */ = {isa = PBXFileReference; lastKnownFileType = "compiled.mach-o.dylib"; name = libopencv_videostab.3.1.dylib; path = ../../../../../../../usr/local/Cellar/opencv3/3.1.0_1/lib/libopencv_videostab.3.1.dylib; sourceTree = "<group>"; };
		20093D591C83CEB9006CDB8E /* libopencv_videostab.dylib */ = {isa = PBXFileReference; lastKnownFileType = "compiled.mach-o.dylib"; name = libopencv_videostab.dylib; path = ../../../../../../../usr/local/Cellar/opencv3/3.1.0_1/lib/libopencv_videostab.dylib; sourceTree = "<group>"; };
		20093D5A1C83CEB9006CDB8E /* pkgconfig */ = {isa = PBXFileReference; lastKnownFileType = folder; name = pkgconfig; path = ../../../../../../../usr/local/Cellar/opencv3/3.1.0_1/lib/pkgconfig; sourceTree = "<group>"; };
		20093D5B1C83CEB9006CDB8E /* python2.7 */ = {isa = PBXFileReference; lastKnownFileType = folder; name = python2.7; path = ../../../../../../../usr/local/Cellar/opencv3/3.1.0_1/lib/python2.7; sourceTree = "<group>"; };
		20093D8E1C83D66F006CDB8E /* lena.jpg */ = {isa = PBXFileReference; lastKnownFileType = image.jpeg; path = lena.jpg; sourceTree = "<group>"; };
		20C4404D1C83C9AB00F8DC3E /* opencvtest */ = {isa = PBXFileReference; explicitFileType = "compiled.mach-o.executable"; includeInIndex = 0; path = opencvtest; sourceTree = BUILT_PRODUCTS_DIR; };
		20C440501C83C9AB00F8DC3E /* main.cpp */ = {isa = PBXFileReference; lastKnownFileType = sourcecode.cpp.cpp; path = main.cpp; sourceTree = "<group>"; };
/* End PBXFileReference section */

/* Begin PBXFrameworksBuildPhase section */
		20C4404A1C83C9AB00F8DC3E /* Frameworks */ = {
			isa = PBXFrameworksBuildPhase;
			buildActionMask = 2147483647;
			files = (
				20093D5C1C83CEB9006CDB8E /* libopencv_calib3d.3.1.0.dylib in Frameworks */,
				20093D5D1C83CEB9006CDB8E /* libopencv_calib3d.3.1.dylib in Frameworks */,
				20093D5E1C83CEB9006CDB8E /* libopencv_calib3d.dylib in Frameworks */,
				20093D5F1C83CEB9006CDB8E /* libopencv_core.3.1.dylib in Frameworks */,
				20093D601C83CEB9006CDB8E /* libopencv_core.dylib in Frameworks */,
				20093D611C83CEB9006CDB8E /* libopencv_features2d.3.1.0.dylib in Frameworks */,
				20093D621C83CEB9006CDB8E /* libopencv_features2d.3.1.dylib in Frameworks */,
				20093D631C83CEB9006CDB8E /* libopencv_features2d.dylib in Frameworks */,
				20093D641C83CEB9006CDB8E /* libopencv_flann.3.1.0.dylib in Frameworks */,
				20093D651C83CEB9006CDB8E /* libopencv_flann.3.1.dylib in Frameworks */,
				20093D661C83CEB9006CDB8E /* libopencv_flann.dylib in Frameworks */,
				20093D671C83CEB9006CDB8E /* libopencv_highgui.3.1.dylib in Frameworks */,
				20093D681C83CEB9006CDB8E /* libopencv_highgui.dylib in Frameworks */,
				20093D691C83CEB9006CDB8E /* libopencv_imgcodecs.3.1.0.dylib in Frameworks */,
				20093D6A1C83CEB9006CDB8E /* libopencv_imgcodecs.3.1.dylib in Frameworks */,
				20093D6B1C83CEB9006CDB8E /* libopencv_imgcodecs.dylib in Frameworks */,
				20093D6C1C83CEB9006CDB8E /* libopencv_imgproc.3.1.0.dylib in Frameworks */,
				20093D6D1C83CEB9006CDB8E /* libopencv_imgproc.3.1.dylib in Frameworks */,
				20093D6E1C83CEB9006CDB8E /* libopencv_imgproc.dylib in Frameworks */,
				20093D6F1C83CEB9006CDB8E /* libopencv_ml.3.1.0.dylib in Frameworks */,
				20093D701C83CEB9006CDB8E /* libopencv_ml.3.1.dylib in Frameworks */,
				20093D711C83CEB9006CDB8E /* libopencv_ml.dylib in Frameworks */,
				20093D721C83CEB9006CDB8E /* libopencv_objdetect.3.1.0.dylib in Frameworks */,
				20093D731C83CEB9006CDB8E /* libopencv_objdetect.3.1.dylib in Frameworks */,
				20093D741C83CEB9006CDB8E /* libopencv_objdetect.dylib in Frameworks */,
				20093D751C83CEB9006CDB8E /* libopencv_photo.3.1.0.dylib in Frameworks */,
				20093D761C83CEB9006CDB8E /* libopencv_photo.3.1.dylib in Frameworks */,
				20093D771C83CEB9006CDB8E /* libopencv_photo.dylib in Frameworks */,
				20093D781C83CEB9006CDB8E /* libopencv_shape.3.1.0.dylib in Frameworks */,
				20093D791C83CEB9006CDB8E /* libopencv_shape.3.1.dylib in Frameworks */,
				20093D7A1C83CEB9006CDB8E /* libopencv_shape.dylib in Frameworks */,
				20093D7B1C83CEB9006CDB8E /* libopencv_stitching.3.1.0.dylib in Frameworks */,
				20093D7C1C83CEB9006CDB8E /* libopencv_stitching.3.1.dylib in Frameworks */,
				20093D7D1C83CEB9006CDB8E /* libopencv_stitching.dylib in Frameworks */,
				20093D7E1C83CEB9006CDB8E /* libopencv_superres.3.1.0.dylib in Frameworks */,
				20093D7F1C83CEB9006CDB8E /* libopencv_superres.3.1.dylib in Frameworks */,
				20093D801C83CEB9006CDB8E /* libopencv_superres.dylib in Frameworks */,
				20093D811C83CEB9006CDB8E /* libopencv_ts.a in Frameworks */,
				20093D821C83CEB9006CDB8E /* libopencv_video.3.1.0.dylib in Frameworks */,
				20093D831C83CEB9006CDB8E /* libopencv_video.3.1.dylib in Frameworks */,
				20093D841C83CEB9006CDB8E /* libopencv_video.dylib in Frameworks */,
				20093D851C83CEB9006CDB8E /* libopencv_videoio.3.1.0.dylib in Frameworks */,
				20093D861C83CEB9006CDB8E /* libopencv_videoio.3.1.dylib in Frameworks */,
				20093D871C83CEB9006CDB8E /* libopencv_videoio.dylib in Frameworks */,
				20093D881C83CEB9006CDB8E /* libopencv_videostab.3.1.0.dylib in Frameworks */,
				20093D891C83CEB9006CDB8E /* libopencv_videostab.3.1.dylib in Frameworks */,
				20093D8A1C83CEB9006CDB8E /* libopencv_videostab.dylib in Frameworks */,
				20093D8B1C83CEB9006CDB8E /* pkgconfig in Frameworks */,
				20093D8C1C83CEB9006CDB8E /* python2.7 in Frameworks */,
				20093D291C83CC9B006CDB8E /* libopencv_core.3.1.0.dylib in Frameworks */,
				20093D271C83CC93006CDB8E /* libopencv_highgui.3.1.0.dylib in Frameworks */,
			);
			runOnlyForDeploymentPostprocessing = 0;
		};
/* End PBXFrameworksBuildPhase section */

/* Begin PBXGroup section */
		20C440441C83C9AB00F8DC3E = {
			isa = PBXGroup;
			children = (
				20093D2B1C83CEB9006CDB8E /* libopencv_calib3d.3.1.0.dylib */,
				20093D2C1C83CEB9006CDB8E /* libopencv_calib3d.3.1.dylib */,
				20093D2D1C83CEB9006CDB8E /* libopencv_calib3d.dylib */,
				20093D2E1C83CEB9006CDB8E /* libopencv_core.3.1.dylib */,
				20093D2F1C83CEB9006CDB8E /* libopencv_core.dylib */,
				20093D301C83CEB9006CDB8E /* libopencv_features2d.3.1.0.dylib */,
				20093D311C83CEB9006CDB8E /* libopencv_features2d.3.1.dylib */,
				20093D321C83CEB9006CDB8E /* libopencv_features2d.dylib */,
				20093D331C83CEB9006CDB8E /* libopencv_flann.3.1.0.dylib */,
				20093D341C83CEB9006CDB8E /* libopencv_flann.3.1.dylib */,
				20093D351C83CEB9006CDB8E /* libopencv_flann.dylib */,
				20093D361C83CEB9006CDB8E /* libopencv_highgui.3.1.dylib */,
				20093D371C83CEB9006CDB8E /* libopencv_highgui.dylib */,
				20093D381C83CEB9006CDB8E /* libopencv_imgcodecs.3.1.0.dylib */,
				20093D391C83CEB9006CDB8E /* libopencv_imgcodecs.3.1.dylib */,
				20093D3A1C83CEB9006CDB8E /* libopencv_imgcodecs.dylib */,
				20093D3B1C83CEB9006CDB8E /* libopencv_imgproc.3.1.0.dylib */,
				20093D3C1C83CEB9006CDB8E /* libopencv_imgproc.3.1.dylib */,
				20093D3D1C83CEB9006CDB8E /* libopencv_imgproc.dylib */,
				20093D3E1C83CEB9006CDB8E /* libopencv_ml.3.1.0.dylib */,
				20093D3F1C83CEB9006CDB8E /* libopencv_ml.3.1.dylib */,
				20093D401C83CEB9006CDB8E /* libopencv_ml.dylib */,
				20093D411C83CEB9006CDB8E /* libopencv_objdetect.3.1.0.dylib */,
				20093D421C83CEB9006CDB8E /* libopencv_objdetect.3.1.dylib */,
				20093D431C83CEB9006CDB8E /* libopencv_objdetect.dylib */,
				20093D441C83CEB9006CDB8E /* libopencv_photo.3.1.0.dylib */,
				20093D451C83CEB9006CDB8E /* libopencv_photo.3.1.dylib */,
				20093D461C83CEB9006CDB8E /* libopencv_photo.dylib */,
				20093D471C83CEB9006CDB8E /* libopencv_shape.3.1.0.dylib */,
				20093D481C83CEB9006CDB8E /* libopencv_shape.3.1.dylib */,
				20093D491C83CEB9006CDB8E /* libopencv_shape.dylib */,
				20093D4A1C83CEB9006CDB8E /* libopencv_stitching.3.1.0.dylib */,
				20093D4B1C83CEB9006CDB8E /* libopencv_stitching.3.1.dylib */,
				20093D4C1C83CEB9006CDB8E /* libopencv_stitching.dylib */,
				20093D4D1C83CEB9006CDB8E /* libopencv_superres.3.1.0.dylib */,
				20093D4E1C83CEB9006CDB8E /* libopencv_superres.3.1.dylib */,
				20093D4F1C83CEB9006CDB8E /* libopencv_superres.dylib */,
				20093D501C83CEB9006CDB8E /* libopencv_ts.a */,
				20093D511C83CEB9006CDB8E /* libopencv_video.3.1.0.dylib */,
				20093D521C83CEB9006CDB8E /* libopencv_video.3.1.dylib */,
				20093D531C83CEB9006CDB8E /* libopencv_video.dylib */,
				20093D541C83CEB9006CDB8E /* libopencv_videoio.3.1.0.dylib */,
				20093D551C83CEB9006CDB8E /* libopencv_videoio.3.1.dylib */,
				20093D561C83CEB9006CDB8E /* libopencv_videoio.dylib */,
				20093D571C83CEB9006CDB8E /* libopencv_videostab.3.1.0.dylib */,
				20093D581C83CEB9006CDB8E /* libopencv_videostab.3.1.dylib */,
				20093D591C83CEB9006CDB8E /* libopencv_videostab.dylib */,
				20093D5A1C83CEB9006CDB8E /* pkgconfig */,
				20093D5B1C83CEB9006CDB8E /* python2.7 */,
				20093D281C83CC9B006CDB8E /* libopencv_core.3.1.0.dylib */,
				20093D261C83CC93006CDB8E /* libopencv_highgui.3.1.0.dylib */,
				20C4404F1C83C9AB00F8DC3E /* opencvtest */,
				20C4404E1C83C9AB00F8DC3E /* Products */,
				20093D8E1C83D66F006CDB8E /* lena.jpg */,
			);
			sourceTree = "<group>";
		};
		20C4404E1C83C9AB00F8DC3E /* Products */ = {
			isa = PBXGroup;
			children = (
				20C4404D1C83C9AB00F8DC3E /* opencvtest */,
			);
			name = Products;
			sourceTree = "<group>";
		};
		20C4404F1C83C9AB00F8DC3E /* opencvtest */ = {
			isa = PBXGroup;
			children = (
				20C440501C83C9AB00F8DC3E /* main.cpp */,
			);
			path = opencvtest;
			sourceTree = "<group>";
		};
/* End PBXGroup section */

/* Begin PBXNativeTarget section */
		20C4404C1C83C9AB00F8DC3E /* opencvtest */ = {
			isa = PBXNativeTarget;
			buildConfigurationList = 20C440541C83C9AB00F8DC3E /* Build configuration list for PBXNativeTarget "opencvtest" */;
			buildPhases = (
				20C440491C83C9AB00F8DC3E /* Sources */,
				20C4404A1C83C9AB00F8DC3E /* Frameworks */,
				20C4404B1C83C9AB00F8DC3E /* CopyFiles */,
			);
			buildRules = (
			);
			dependencies = (
			);
			name = opencvtest;
			productName = opencvtest;
			productReference = 20C4404D1C83C9AB00F8DC3E /* opencvtest */;
			productType = "com.apple.product-type.tool";
		};
/* End PBXNativeTarget section */

/* Begin PBXProject section */
		20C440451C83C9AB00F8DC3E /* Project object */ = {
			isa = PBXProject;
			attributes = {
				LastUpgradeCheck = 0720;
				ORGANIZATIONNAME = KatoTakashi;
				TargetAttributes = {
					20C4404C1C83C9AB00F8DC3E = {
						CreatedOnToolsVersion = 7.2.1;
					};
				};
			};
			buildConfigurationList = 20C440481C83C9AB00F8DC3E /* Build configuration list for PBXProject "opencvtest" */;
			compatibilityVersion = "Xcode 3.2";
			developmentRegion = English;
			hasScannedForEncodings = 0;
			knownRegions = (
				en,
			);
			mainGroup = 20C440441C83C9AB00F8DC3E;
			productRefGroup = 20C4404E1C83C9AB00F8DC3E /* Products */;
			projectDirPath = "";
			projectRoot = "";
			targets = (
				20C4404C1C83C9AB00F8DC3E /* opencvtest */,
			);
		};
/* End PBXProject section */

/* Begin PBXSourcesBuildPhase section */
		20C440491C83C9AB00F8DC3E /* Sources */ = {
			isa = PBXSourcesBuildPhase;
			buildActionMask = 2147483647;
			files = (
				20C440511C83C9AB00F8DC3E /* main.cpp in Sources */,
			);
			runOnlyForDeploymentPostprocessing = 0;
		};
/* End PBXSourcesBuildPhase section */

/* Begin XCBuildConfiguration section */
		20C440521C83C9AB00F8DC3E /* Debug */ = {
			isa = XCBuildConfiguration;
			buildSettings = {
				ALWAYS_SEARCH_USER_PATHS = NO;
				CLANG_CXX_LANGUAGE_STANDARD = "gnu++0x";
				CLANG_CXX_LIBRARY = "libc++";
				CLANG_ENABLE_MODULES = YES;
				CLANG_ENABLE_OBJC_ARC = YES;
				CLANG_WARN_BOOL_CONVERSION = YES;
				CLANG_WARN_CONSTANT_CONVERSION = YES;
				CLANG_WARN_DIRECT_OBJC_ISA_USAGE = YES_ERROR;
				CLANG_WARN_EMPTY_BODY = YES;
				CLANG_WARN_ENUM_CONVERSION = YES;
				CLANG_WARN_INT_CONVERSION = YES;
				CLANG_WARN_OBJC_ROOT_CLASS = YES_ERROR;
				CLANG_WARN_UNREACHABLE_CODE = YES;
				CLANG_WARN__DUPLICATE_METHOD_MATCH = YES;
				CODE_SIGN_IDENTITY = "-";
				COPY_PHASE_STRIP = NO;
				DEBUG_INFORMATION_FORMAT = dwarf;
				ENABLE_STRICT_OBJC_MSGSEND = YES;
				ENABLE_TESTABILITY = YES;
				GCC_C_LANGUAGE_STANDARD = gnu99;
				GCC_DYNAMIC_NO_PIC = NO;
				GCC_NO_COMMON_BLOCKS = YES;
				GCC_OPTIMIZATION_LEVEL = 0;
				GCC_PREPROCESSOR_DEFINITIONS = (
					"DEBUG=1",
					"$(inherited)",
				);
				GCC_WARN_64_TO_32_BIT_CONVERSION = YES;
				GCC_WARN_ABOUT_RETURN_TYPE = YES_ERROR;
				GCC_WARN_UNDECLARED_SELECTOR = YES;
				GCC_WARN_UNINITIALIZED_AUTOS = YES_AGGRESSIVE;
				GCC_WARN_UNUSED_FUNCTION = YES;
				GCC_WARN_UNUSED_VARIABLE = YES;
				MACOSX_DEPLOYMENT_TARGET = 10.10;
				MTL_ENABLE_DEBUG_INFO = YES;
				ONLY_ACTIVE_ARCH = YES;
				SDKROOT = macosx;
			};
			name = Debug;
		};
		20C440531C83C9AB00F8DC3E /* Release */ = {
			isa = XCBuildConfiguration;
			buildSettings = {
				ALWAYS_SEARCH_USER_PATHS = NO;
				CLANG_CXX_LANGUAGE_STANDARD = "gnu++0x";
				CLANG_CXX_LIBRARY = "libc++";
				CLANG_ENABLE_MODULES = YES;
				CLANG_ENABLE_OBJC_ARC = YES;
				CLANG_WARN_BOOL_CONVERSION = YES;
				CLANG_WARN_CONSTANT_CONVERSION = YES;
				CLANG_WARN_DIRECT_OBJC_ISA_USAGE = YES_ERROR;
				CLANG_WARN_EMPTY_BODY = YES;
				CLANG_WARN_ENUM_CONVERSION = YES;
				CLANG_WARN_INT_CONVERSION = YES;
				CLANG_WARN_OBJC_ROOT_CLASS = YES_ERROR;
				CLANG_WARN_UNREACHABLE_CODE = YES;
				CLANG_WARN__DUPLICATE_METHOD_MATCH = YES;
				CODE_SIGN_IDENTITY = "-";
				COPY_PHASE_STRIP = NO;
				DEBUG_INFORMATION_FORMAT = "dwarf-with-dsym";
				ENABLE_NS_ASSERTIONS = NO;
				ENABLE_STRICT_OBJC_MSGSEND = YES;
				GCC_C_LANGUAGE_STANDARD = gnu99;
				GCC_NO_COMMON_BLOCKS = YES;
				GCC_WARN_64_TO_32_BIT_CONVERSION = YES;
				GCC_WARN_ABOUT_RETURN_TYPE = YES_ERROR;
				GCC_WARN_UNDECLARED_SELECTOR = YES;
				GCC_WARN_UNINITIALIZED_AUTOS = YES_AGGRESSIVE;
				GCC_WARN_UNUSED_FUNCTION = YES;
				GCC_WARN_UNUSED_VARIABLE = YES;
				MACOSX_DEPLOYMENT_TARGET = 10.10;
				MTL_ENABLE_DEBUG_INFO = NO;
				SDKROOT = macosx;
			};
			name = Release;
		};
		20C440551C83C9AB00F8DC3E /* Debug */ = {
			isa = XCBuildConfiguration;
			buildSettings = {
				HEADER_SEARCH_PATHS = "/usr/local/Cellar/opencv3/**";
				LIBRARY_SEARCH_PATHS = (
					"$(inherited)",
					/usr/local/Cellar/opencv3/3.1.0_1/lib,
				);
				PRODUCT_NAME = "$(TARGET_NAME)";
			};
			name = Debug;
		};
		20C440561C83C9AB00F8DC3E /* Release */ = {
			isa = XCBuildConfiguration;
			buildSettings = {
				HEADER_SEARCH_PATHS = "/usr/local/Cellar/opencv3/**";
				LIBRARY_SEARCH_PATHS = (
					"$(inherited)",
					/usr/local/Cellar/opencv3/3.1.0_1/lib,
				);
				PRODUCT_NAME = "$(TARGET_NAME)";
			};
			name = Release;
		};
/* End XCBuildConfiguration section */

/* Begin XCConfigurationList section */
		20C440481C83C9AB00F8DC3E /* Build configuration list for PBXProject "opencvtest" */ = {
			isa = XCConfigurationList;
			buildConfigurations = (
				20C440521C83C9AB00F8DC3E /* Debug */,
				20C440531C83C9AB00F8DC3E /* Release */,
			);
			defaultConfigurationIsVisible = 0;
			defaultConfigurationName = Release;
		};
		20C440541C83C9AB00F8DC3E /* Build configuration list for PBXNativeTarget "opencvtest" */ = {
			isa = XCConfigurationList;
			buildConfigurations = (
				20C440551C83C9AB00F8DC3E /* Debug */,
				20C440561C83C9AB00F8DC3E /* Release */,
			);
			defaultConfigurationIsVisible = 0;
			defaultConfigurationName = Release;
		};
/* End XCConfigurationList section */
	};
	rootObject = 20C440451C83C9AB00F8DC3E /* Project object */;
}
